
Microsoft Visual Studio Solution File, Format Version 12.00
# Visual Studio Version 17
VisualStudioVersion = 17.5.33516.290
MinimumVisualStudioVersion = 10.0.40219.1
Project("{FAE04EC0-301F-11D3-BF4B-00C04F79EFBC}") = "CalendarioAPI", "CalendarioAPI\CalendarioAPI.csproj", "{BFB0F9E0-4BB4-4723-9DB7-5F8FC495AF59}"
EndProject
Global
	GlobalSection(SolutionConfigurationPlatforms) = preSolution
		Debug|Any CPU = Debug|Any CPU
		Release|Any CPU = Release|Any CPU
	EndGlobalSection
	GlobalSection(ProjectConfigurationPlatforms) = postSolution
		{BFB0F9E0-4BB4-4723-9DB7-5F8FC495AF59}.Debug|Any CPU.ActiveCfg = Debug|Any CPU
		{BFB0F9E0-4BB4-4723-9DB7-5F8FC495AF59}.Debug|Any CPU.Build.0 = Debug|Any CPU
		{BFB0F9E0-4BB4-4723-9DB7-5F8FC495AF59}.Release|Any CPU.ActiveCfg = Release|Any CPU
		{BFB0F9E0-4BB4-4723-9DB7-5F8FC495AF59}.Release|Any CPU.Build.0 = Release|Any CPU
	EndGlobalSection
	GlobalSection(SolutionProperties) = preSolution
		HideSolutionNode = FALSE
	EndGlobalSection
	GlobalSection(ExtensibilityGlobals) = postSolution
		SolutionGuid = {36887766-1843-41B9-8809-6719F69DC050}
	EndGlobalSection
EndGlobal
